
Microsoft Visual Studio Solution File, Format Version 12.00
# Visual Studio Version 17
VisualStudioVersion = 17.11.35219.272
MinimumVisualStudioVersion = 10.0.40219.1
Project("{FAE04EC0-301F-11D3-BF4B-00C04F79EFBC}") = "inlämning3.3", "inlämning3.3\inlämning3.3.csproj", "{F2E5A158-8A10-4C97-A3FA-03275E5F46B2}"
EndProject
Global
	GlobalSection(SolutionConfigurationPlatforms) = preSolution
		Debug|Any CPU = Debug|Any CPU
		Release|Any CPU = Release|Any CPU
	EndGlobalSection
	GlobalSection(ProjectConfigurationPlatforms) = postSolution
		{F2E5A158-8A10-4C97-A3FA-03275E5F46B2}.Debug|Any CPU.ActiveCfg = Debug|Any CPU
		{F2E5A158-8A10-4C97-A3FA-03275E5F46B2}.Debug|Any CPU.Build.0 = Debug|Any CPU
		{F2E5A158-8A10-4C97-A3FA-03275E5F46B2}.Release|Any CPU.ActiveCfg = Release|Any CPU
		{F2E5A158-8A10-4C97-A3FA-03275E5F46B2}.Release|Any CPU.Build.0 = Release|Any CPU
	EndGlobalSection
	GlobalSection(SolutionProperties) = preSolution
		HideSolutionNode = FALSE
	EndGlobalSection
	GlobalSection(ExtensibilityGlobals) = postSolution
		SolutionGuid = {2A15E36E-C424-40AD-BE4F-3415C43437E0}
	EndGlobalSection
EndGlobal
